
Microsoft Visual Studio Solution File, Format Version 12.00
# Visual Studio Version 17
VisualStudioVersion = 17.13.35931.197 d17.13
MinimumVisualStudioVersion = 10.0.40219.1
Project("{FAE04EC0-301F-11D3-BF4B-00C04F79EFBC}") = "Expenses", "Expenses.csproj", "{2030881F-0460-4AC6-90F0-639209C5EC4F}"
EndProject
Global
	GlobalSection(SolutionConfigurationPlatforms) = preSolution
		Debug|Any CPU = Debug|Any CPU
		Release|Any CPU = Release|Any CPU
	EndGlobalSection
	GlobalSection(ProjectConfigurationPlatforms) = postSolution
		{2030881F-0460-4AC6-90F0-639209C5EC4F}.Debug|Any CPU.ActiveCfg = Debug|Any CPU
		{2030881F-0460-4AC6-90F0-639209C5EC4F}.Debug|Any CPU.Build.0 = Debug|Any CPU
		{2030881F-0460-4AC6-90F0-639209C5EC4F}.Release|Any CPU.ActiveCfg = Release|Any CPU
		{2030881F-0460-4AC6-90F0-639209C5EC4F}.Release|Any CPU.Build.0 = Release|Any CPU
	EndGlobalSection
	GlobalSection(SolutionProperties) = preSolution
		HideSolutionNode = FALSE
	EndGlobalSection
	GlobalSection(ExtensibilityGlobals) = postSolution
		SolutionGuid = {C8505A05-2A5C-46B4-94E0-D67C4849B862}
	EndGlobalSection
EndGlobal
